{
  "name": "start-polymer3",
  "version": "1.0.0",
  "lockfileVersion": 1,
  "requires": true,
  "dependencies": {
    "@polymer/font-roboto": {
      "version": "3.0.0-pre.11",
      "resolved": "https://registry.npmjs.org/@polymer/font-roboto/-/font-roboto-3.0.0-pre.11.tgz",
      "integrity": "sha512-UnzhZstzEcLkhLS8onTm6CjjFW/JwkLIvSV7avsro4B24IwMxbZEV7E6VOWcx9unRMX7+FdLq+28lZoxnCvw/w=="
    },
    "@polymer/iron-a11y-keys-behavior": {
      "version": "3.0.0-pre.11",
      "resolved": "https://registry.npmjs.org/@polymer/iron-a11y-keys-behavior/-/iron-a11y-keys-behavior-3.0.0-pre.11.tgz",
      "integrity": "sha512-k8KjEOInBu6wbqv9DuNGupZpPTMvJaMYqz9QhpJBYvLxtdfC+RgeCc0SPRuMwEVplX7Ke/QsVHDN/Et3og2oBw==",
      "requires": {
        "@polymer/polymer": "3.0.0-pre.11"
      }
    },
    "@polymer/iron-behaviors": {
      "version": "3.0.0-pre.11",
      "resolved": "https://registry.npmjs.org/@polymer/iron-behaviors/-/iron-behaviors-3.0.0-pre.11.tgz",
      "integrity": "sha512-NK5k90KXMX4dPDVEIRuhLjhd4zcTSa2mYgM4DpEtGezl9qVpk23nQrMRHyAISeLDa1F8AQVN2Uui/kWGEqQlmg==",
      "requires": {
        "@polymer/iron-a11y-keys-behavior": "3.0.0-pre.11",
        "@polymer/polymer": "3.0.0-pre.11"
      }
    },
    "@polymer/iron-checked-element-behavior": {
      "version": "3.0.0-pre.11",
      "resolved": "https://registry.npmjs.org/@polymer/iron-checked-element-behavior/-/iron-checked-element-behavior-3.0.0-pre.11.tgz",
      "integrity": "sha512-o0lWDnvyFgHJcnRansTQmIMoE3jjTIxe5mYU6pnQmjzoPa7gonPSVsxjQoMlX6P+jzDmEoGlTGJVPizkH+qz3A==",
      "requires": {
        "@polymer/iron-form-element-behavior": "3.0.0-pre.11",
        "@polymer/iron-validatable-behavior": "3.0.0-pre.11",
        "@polymer/polymer": "3.0.0-pre.11"
      }
    },
    "@polymer/iron-flex-layout": {
      "version": "3.0.0-pre.11",
      "resolved": "https://registry.npmjs.org/@polymer/iron-flex-layout/-/iron-flex-layout-3.0.0-pre.11.tgz",
      "integrity": "sha512-MCrwsE6xgjAFFGAwcW54TOf6LYcn9co37x4sXACUkl/oAzMr+yLEOE4W1bR/fpmUS4PFvHMch6esDtdKeb1ijw==",
      "requires": {
        "@polymer/polymer": "3.0.0-pre.11"
      }
    },
    "@polymer/iron-form-element-behavior": {
      "version": "3.0.0-pre.11",
      "resolved": "https://registry.npmjs.org/@polymer/iron-form-element-behavior/-/iron-form-element-behavior-3.0.0-pre.11.tgz",
      "integrity": "sha512-JxUljKGzgP1bOYHS8ZFI4AqTRBBhyAJb9FRXTcaw8od89e5+CSQNepCkWi179lJl1WtyGJm+mILa/XnCyBb+Bw==",
      "requires": {
        "@polymer/polymer": "3.0.0-pre.11"
      }
    },
    "@polymer/iron-meta": {
      "version": "3.0.0-pre.11",
      "resolved": "https://registry.npmjs.org/@polymer/iron-meta/-/iron-meta-3.0.0-pre.11.tgz",
      "integrity": "sha512-Ro6P72bA9Ui4NPdoW7Z5fZMXbCjpZ6IrF32nZRATKlrpMexcd/7ZlW6FWYf4SBgGa1dCYpSQL7p7h9HqI41OzA==",
      "requires": {
        "@polymer/polymer": "3.0.0-pre.11"
      }
    },
    "@polymer/iron-validatable-behavior": {
      "version": "3.0.0-pre.11",
      "resolved": "https://registry.npmjs.org/@polymer/iron-validatable-behavior/-/iron-validatable-behavior-3.0.0-pre.11.tgz",
      "integrity": "sha512-mKWzF9akBaXu8sFcx9LuE1gW91bMwU6uUMBMtPcvLpJ73Ezhv7kK9gA99egeyvFCdb8sk9UMb2N0/vvlDkvCyg==",
      "requires": {
        "@polymer/iron-meta": "3.0.0-pre.11",
        "@polymer/polymer": "3.0.0-pre.11"
      }
    },
    "@polymer/paper-behaviors": {
      "version": "3.0.0-pre.11",
      "resolved": "https://registry.npmjs.org/@polymer/paper-behaviors/-/paper-behaviors-3.0.0-pre.11.tgz",
      "integrity": "sha512-HUen5GX4HrucDjeTY2MK0dTk+d4xMiwrygEcB3FMAGuDVlYXSS2QwhqX3NyPkT53dj+H5NYv1IJjvMZmt51t5g==",
      "requires": {
        "@polymer/iron-behaviors": "3.0.0-pre.11",
        "@polymer/iron-checked-element-behavior": "3.0.0-pre.11",
        "@polymer/paper-ripple": "3.0.0-pre.11",
        "@polymer/polymer": "3.0.0-pre.11"
      }
    },
    "@polymer/paper-checkbox": {
      "version": "3.0.0-pre.11",
      "resolved": "https://registry.npmjs.org/@polymer/paper-checkbox/-/paper-checkbox-3.0.0-pre.11.tgz",
      "integrity": "sha512-EGEDU6Z1DUz4VryZHAdqMwJvdh2N73/unrNLpeR8b/Uf08VWMuqUNp8DuhBI3AoTGQLebVR1G12lRrU04rBeUQ==",
      "requires": {
        "@polymer/iron-a11y-keys-behavior": "3.0.0-pre.11",
        "@polymer/iron-checked-element-behavior": "3.0.0-pre.11",
        "@polymer/paper-behaviors": "3.0.0-pre.11",
        "@polymer/paper-ripple": "3.0.0-pre.11",
        "@polymer/paper-styles": "3.0.0-pre.11",
        "@polymer/polymer": "3.0.0-pre.11"
      }
    },
    "@polymer/paper-ripple": {
      "version": "3.0.0-pre.11",
      "resolved": "https://registry.npmjs.org/@polymer/paper-ripple/-/paper-ripple-3.0.0-pre.11.tgz",
      "integrity": "sha512-U4b2OlGyxVD0EZSnsSOq9CzPCFGIXuUdObKmcJ7KEz+vJZmkyihIGTrweDDo1JwgPaYxFaqpkgR5tsOml2Aj4Q==",
      "requires": {
        "@polymer/iron-a11y-keys-behavior": "3.0.0-pre.11",
        "@polymer/polymer": "3.0.0-pre.11"
      }
    },
    "@polymer/paper-styles": {
      "version": "3.0.0-pre.11",
      "resolved": "https://registry.npmjs.org/@polymer/paper-styles/-/paper-styles-3.0.0-pre.11.tgz",
      "integrity": "sha512-bDuLoJnrmfb/JuI/1eN5gYR10hTVU8LNapcAMP6+SMImiX04o30Q+M/AqfyqH+NqTUtKpXEc85qH0adkQhKnfQ==",
      "requires": {
        "@polymer/font-roboto": "3.0.0-pre.11",
        "@polymer/iron-flex-layout": "3.0.0-pre.11",
        "@polymer/polymer": "3.0.0-pre.11"
      }
    },
    "@polymer/polymer": {
      "version": "3.0.0-pre.11",
      "resolved": "https://registry.npmjs.org/@polymer/polymer/-/polymer-3.0.0-pre.11.tgz",
      "integrity": "sha512-lz0+3so+URZqH6IUV9nzlR6akO8jPRauM7EEIMqPx3H6w4Zh7wzoj4Ngbi18Nwpt71l90F4YhuHDGNRQEwhk+w==",
      "requires": {
        "@webcomponents/shadycss": "1.1.1",
        "@webcomponents/webcomponentsjs": "1.1.0"
      }
    },
    "@webcomponents/shadycss": {
      "version": "1.1.1",
      "resolved": "https://registry.npmjs.org/@webcomponents/shadycss/-/shadycss-1.1.1.tgz",
      "integrity": "sha512-7iVMw1HU0e5tTxL1OIqw/RBGmnYuz1HUNd7t1UYq7VmoBOl5Zm4g3spUBSksyd97SiXauFlXAeSpA0/in9k+dw=="
    },
    "@webcomponents/webcomponentsjs": {
      "version": "1.1.0",
      "resolved": "https://registry.npmjs.org/@webcomponents/webcomponentsjs/-/webcomponentsjs-1.1.0.tgz",
      "integrity": "sha512-7toNyVlrl7vJnY3PU0eXIK1KWq8phfnEe1IwOdCMxkIl/BfUkUB2aaVs45R0LSx1qxHRnkqj0vlGtskUvKkNkA=="
    }
  }
}
