# THIS IS AN AUTOGENERATED FILE. DO NOT EDIT THIS FILE DIRECTLY.
# yarn lockfile v1


"@polymer/font-roboto@3.0.0-pre.12":
  version "3.0.0-pre.12"
  resolved "https://registry.yarnpkg.com/@polymer/font-roboto/-/font-roboto-3.0.0-pre.12.tgz#b19391245d1d36369f4c6136e0a328468f18f423"

"@polymer/iron-a11y-keys-behavior@3.0.0-pre.12":
  version "3.0.0-pre.12"
  resolved "https://registry.yarnpkg.com/@polymer/iron-a11y-keys-behavior/-/iron-a11y-keys-behavior-3.0.0-pre.12.tgz#bb25b4b991c30514b2e156ed92952c7ce0e34c81"
  dependencies:
    "@polymer/polymer" "3.0.0-pre.12"

"@polymer/iron-behaviors@3.0.0-pre.12":
  version "3.0.0-pre.12"
  resolved "https://registry.yarnpkg.com/@polymer/iron-behaviors/-/iron-behaviors-3.0.0-pre.12.tgz#b5a337c5e493b8e91b9d89ddb10ae6c1d864f835"
  dependencies:
    "@polymer/iron-a11y-keys-behavior" "3.0.0-pre.12"
    "@polymer/polymer" "3.0.0-pre.12"

"@polymer/iron-checked-element-behavior@3.0.0-pre.12":
  version "3.0.0-pre.12"
  resolved "https://registry.yarnpkg.com/@polymer/iron-checked-element-behavior/-/iron-checked-element-behavior-3.0.0-pre.12.tgz#f616aea6658037807186896dbdc83b7d44119c29"
  dependencies:
    "@polymer/iron-form-element-behavior" "3.0.0-pre.12"
    "@polymer/iron-validatable-behavior" "3.0.0-pre.12"
    "@polymer/polymer" "3.0.0-pre.12"

"@polymer/iron-flex-layout@3.0.0-pre.12":
  version "3.0.0-pre.12"
  resolved "https://registry.yarnpkg.com/@polymer/iron-flex-layout/-/iron-flex-layout-3.0.0-pre.12.tgz#209791d067521115e61a9fb2cb4070f0de82322b"
  dependencies:
    "@polymer/polymer" "3.0.0-pre.12"

"@polymer/iron-form-element-behavior@3.0.0-pre.12":
  version "3.0.0-pre.12"
  resolved "https://registry.yarnpkg.com/@polymer/iron-form-element-behavior/-/iron-form-element-behavior-3.0.0-pre.12.tgz#5c729b89d032fe1035891cb1c469dbb82665dc52"
  dependencies:
    "@polymer/polymer" "3.0.0-pre.12"

"@polymer/iron-meta@3.0.0-pre.12":
  version "3.0.0-pre.12"
  resolved "https://registry.yarnpkg.com/@polymer/iron-meta/-/iron-meta-3.0.0-pre.12.tgz#b89c280f4d004e7d6c8263d848803837e69d9776"
  dependencies:
    "@polymer/polymer" "3.0.0-pre.12"

"@polymer/iron-validatable-behavior@3.0.0-pre.12":
  version "3.0.0-pre.12"
  resolved "https://registry.yarnpkg.com/@polymer/iron-validatable-behavior/-/iron-validatable-behavior-3.0.0-pre.12.tgz#1529a0e70960d2fcd362c1b5c6a7e728560e9c05"
  dependencies:
    "@polymer/iron-meta" "3.0.0-pre.12"
    "@polymer/polymer" "3.0.0-pre.12"

"@polymer/paper-behaviors@3.0.0-pre.12":
  version "3.0.0-pre.12"
  resolved "https://registry.yarnpkg.com/@polymer/paper-behaviors/-/paper-behaviors-3.0.0-pre.12.tgz#b6d7686fec73b32c14c106f753c2fc6798690e6e"
  dependencies:
    "@polymer/iron-behaviors" "3.0.0-pre.12"
    "@polymer/iron-checked-element-behavior" "3.0.0-pre.12"
    "@polymer/paper-ripple" "3.0.0-pre.12"
    "@polymer/polymer" "3.0.0-pre.12"

"@polymer/paper-checkbox@^3.0.0-pre.12":
  version "3.0.0-pre.12"
  resolved "https://registry.yarnpkg.com/@polymer/paper-checkbox/-/paper-checkbox-3.0.0-pre.12.tgz#0d8935c0cf20791ceeb4d97ba1acdd02b15d660b"
  dependencies:
    "@polymer/iron-a11y-keys-behavior" "3.0.0-pre.12"
    "@polymer/iron-checked-element-behavior" "3.0.0-pre.12"
    "@polymer/paper-behaviors" "3.0.0-pre.12"
    "@polymer/paper-ripple" "3.0.0-pre.12"
    "@polymer/paper-styles" "3.0.0-pre.12"
    "@polymer/polymer" "3.0.0-pre.12"

"@polymer/paper-ripple@3.0.0-pre.12":
  version "3.0.0-pre.12"
  resolved "https://registry.yarnpkg.com/@polymer/paper-ripple/-/paper-ripple-3.0.0-pre.12.tgz#66f6f7ab406e7466a980eee0c92f5ff024fc57ea"
  dependencies:
    "@polymer/iron-a11y-keys-behavior" "3.0.0-pre.12"
    "@polymer/polymer" "3.0.0-pre.12"

"@polymer/paper-styles@3.0.0-pre.12":
  version "3.0.0-pre.12"
  resolved "https://registry.yarnpkg.com/@polymer/paper-styles/-/paper-styles-3.0.0-pre.12.tgz#c8e27e078e10a3b90e74d67b964270abe7280ee3"
  dependencies:
    "@polymer/font-roboto" "3.0.0-pre.12"
    "@polymer/iron-flex-layout" "3.0.0-pre.12"
    "@polymer/polymer" "3.0.0-pre.12"

"@polymer/polymer@3.0.0-pre.12", "@polymer/polymer@^3.0.0-pre.12":
  version "3.0.0-pre.12"
  resolved "https://registry.yarnpkg.com/@polymer/polymer/-/polymer-3.0.0-pre.12.tgz#3f5dd19099a194bf1066cf417ae13c335bd63b04"
  dependencies:
    "@webcomponents/shadycss" "^1.0.0"
    "@webcomponents/webcomponentsjs" "^1.0.0"

"@webcomponents/shadycss@^1.0.0":
  version "1.1.2"
  resolved "https://registry.yarnpkg.com/@webcomponents/shadycss/-/shadycss-1.1.2.tgz#947e9306eb2e084a4a3a4fd738aced00721bce92"

"@webcomponents/webcomponentsjs@^1.0.0":
  version "1.1.1"
  resolved "https://registry.yarnpkg.com/@webcomponents/webcomponentsjs/-/webcomponentsjs-1.1.1.tgz#50caffdf8a901e5357532b7d85e776637a56446a"
