# THIS IS AN AUTOGENERATED FILE. DO NOT EDIT THIS FILE DIRECTLY.
# yarn lockfile v1


"@polymer/font-roboto@^3.0.0-pre.10":
  version "3.0.0-pre.11"
  resolved "https://registry.yarnpkg.com/@polymer/font-roboto/-/font-roboto-3.0.0-pre.11.tgz#12aecd9110c5ca516cd49d3516ba4eda765fa062"

"@polymer/iron-a11y-keys-behavior@^3.0.0-pre.10":
  version "3.0.0-pre.11"
  resolved "https://registry.yarnpkg.com/@polymer/iron-a11y-keys-behavior/-/iron-a11y-keys-behavior-3.0.0-pre.11.tgz#c13cb1f0cd6d96bbee92582a3bac7db42be857d2"
  dependencies:
    "@polymer/polymer" "^3.0.0-pre.10"

"@polymer/iron-behaviors@^3.0.0-pre.10":
  version "3.0.0-pre.11"
  resolved "https://registry.yarnpkg.com/@polymer/iron-behaviors/-/iron-behaviors-3.0.0-pre.11.tgz#e1eac561408f4b6d5ef8cf0a398e00398ca7a9e9"
  dependencies:
    "@polymer/iron-a11y-keys-behavior" "^3.0.0-pre.10"
    "@polymer/polymer" "^3.0.0-pre.10"

"@polymer/iron-checked-element-behavior@^3.0.0-pre.10":
  version "3.0.0-pre.11"
  resolved "https://registry.yarnpkg.com/@polymer/iron-checked-element-behavior/-/iron-checked-element-behavior-3.0.0-pre.11.tgz#52f107afe283c9865100af81159ab36ff938b774"
  dependencies:
    "@polymer/iron-form-element-behavior" "^3.0.0-pre.10"
    "@polymer/iron-validatable-behavior" "^3.0.0-pre.10"
    "@polymer/polymer" "^3.0.0-pre.10"

"@polymer/iron-flex-layout@^3.0.0-pre.10":
  version "3.0.0-pre.11"
  resolved "https://registry.yarnpkg.com/@polymer/iron-flex-layout/-/iron-flex-layout-3.0.0-pre.11.tgz#11b0c9e800ced13db0e2607ce3badf6d3dedb163"
  dependencies:
    "@polymer/polymer" "^3.0.0-pre.10"

"@polymer/iron-form-element-behavior@^3.0.0-pre.10":
  version "3.0.0-pre.11"
  resolved "https://registry.yarnpkg.com/@polymer/iron-form-element-behavior/-/iron-form-element-behavior-3.0.0-pre.11.tgz#ee21cfc00a8dfb3d37995fc4769b04de8b5bd98f"
  dependencies:
    "@polymer/polymer" "^3.0.0-pre.10"

"@polymer/iron-meta@^3.0.0-pre.10":
  version "3.0.0-pre.11"
  resolved "https://registry.yarnpkg.com/@polymer/iron-meta/-/iron-meta-3.0.0-pre.11.tgz#a7525ccc64bdf222f8818fd8e088a003b3e053d0"
  dependencies:
    "@polymer/polymer" "^3.0.0-pre.10"

"@polymer/iron-validatable-behavior@^3.0.0-pre.10":
  version "3.0.0-pre.11"
  resolved "https://registry.yarnpkg.com/@polymer/iron-validatable-behavior/-/iron-validatable-behavior-3.0.0-pre.11.tgz#f27d565db0beaf852dd0aa2e9bd8096dabd4b12d"
  dependencies:
    "@polymer/iron-meta" "^3.0.0-pre.10"
    "@polymer/polymer" "^3.0.0-pre.10"

"@polymer/paper-behaviors@^3.0.0-pre.10":
  version "3.0.0-pre.11"
  resolved "https://registry.yarnpkg.com/@polymer/paper-behaviors/-/paper-behaviors-3.0.0-pre.11.tgz#c3f15107a2b0221397f7fb1f737fd70936452315"
  dependencies:
    "@polymer/iron-behaviors" "^3.0.0-pre.10"
    "@polymer/iron-checked-element-behavior" "^3.0.0-pre.10"
    "@polymer/paper-ripple" "^3.0.0-pre.10"
    "@polymer/polymer" "^3.0.0-pre.10"

"@polymer/paper-checkbox@^3.0.0-pre.11":
  version "3.0.0-pre.11"
  resolved "https://registry.yarnpkg.com/@polymer/paper-checkbox/-/paper-checkbox-3.0.0-pre.11.tgz#5cd1778e82c7da6db8726c4b01b270449a97763c"
  dependencies:
    "@polymer/iron-a11y-keys-behavior" "^3.0.0-pre.10"
    "@polymer/iron-checked-element-behavior" "^3.0.0-pre.10"
    "@polymer/paper-behaviors" "^3.0.0-pre.10"
    "@polymer/paper-ripple" "^3.0.0-pre.10"
    "@polymer/paper-styles" "^3.0.0-pre.10"
    "@polymer/polymer" "^3.0.0-pre.10"

"@polymer/paper-ripple@^3.0.0-pre.10":
  version "3.0.0-pre.11"
  resolved "https://registry.yarnpkg.com/@polymer/paper-ripple/-/paper-ripple-3.0.0-pre.11.tgz#16f0197daa7c4ffefe924774b1a95d6cfda88766"
  dependencies:
    "@polymer/iron-a11y-keys-behavior" "^3.0.0-pre.10"
    "@polymer/polymer" "^3.0.0-pre.10"

"@polymer/paper-styles@^3.0.0-pre.10":
  version "3.0.0-pre.11"
  resolved "https://registry.yarnpkg.com/@polymer/paper-styles/-/paper-styles-3.0.0-pre.11.tgz#27b21477f5ce441e3f25cb567b90fd42289aa744"
  dependencies:
    "@polymer/font-roboto" "^3.0.0-pre.10"
    "@polymer/iron-flex-layout" "^3.0.0-pre.10"
    "@polymer/polymer" "^3.0.0-pre.10"

"@polymer/polymer@^3.0.0-pre.10", "@polymer/polymer@^3.0.0-pre.11":
  version "3.0.0-pre.11"
  resolved "https://registry.yarnpkg.com/@polymer/polymer/-/polymer-3.0.0-pre.11.tgz#614564493a05586ecd27c23cbdb79703d6374eed"
  dependencies:
    "@webcomponents/shadycss" "^1.0.0"
    "@webcomponents/webcomponentsjs" "^1.0.0"

"@webcomponents/shadycss@^1.0.0":
  version "1.1.1"
  resolved "https://registry.yarnpkg.com/@webcomponents/shadycss/-/shadycss-1.1.1.tgz#abc821961c99a2b1c5e0f225cd01b139899ebc4c"

"@webcomponents/webcomponentsjs@^1.0.0":
  version "1.1.0"
  resolved "https://registry.yarnpkg.com/@webcomponents/webcomponentsjs/-/webcomponentsjs-1.1.0.tgz#1392799c266fca142622a720176f688beb74d181"
